// !$*UTF8*$!
{
	archiveVersion = 1;
	classes = {
	};
	objectVersion = 77;
	objects = {

/* Begin PBXBuildFile section */
		112E7E862E3B52D60003854F /* Auth in Frameworks */ = {isa = PBXBuildFile; productRef = 112E7E852E3B52D60003854F /* Auth */; };
		112E7E882E3B52D60003854F /* Functions in Frameworks */ = {isa = PBXBuildFile; productRef = 112E7E872E3B52D60003854F /* Functions */; };
		112E7E8A2E3B52D60003854F /* PostgREST in Frameworks */ = {isa = PBXBuildFile; productRef = 112E7E892E3B52D60003854F /* PostgREST */; };
		112E7E8C2E3B52D60003854F /* Realtime in Frameworks */ = {isa = PBXBuildFile; productRef = 112E7E8B2E3B52D60003854F /* Realtime */; };
		112E7E8E2E3B52D60003854F /* Storage in Frameworks */ = {isa = PBXBuildFile; productRef = 112E7E8D2E3B52D60003854F /* Storage */; };
		112E7EF12E3B56300003854F /* Supabase in Frameworks */ = {isa = PBXBuildFile; productRef = 112E7EF02E3B56300003854F /* Supabase */; };
/* End PBXBuildFile section */

/* Begin PBXContainerItemProxy section */
		11E46E8A2E39E0C500542357 /* PBXContainerItemProxy */ = {
			isa = PBXContainerItemProxy;
			containerPortal = 11E46E702E39E0C100542357 /* Project object */;
			proxyType = 1;
			remoteGlobalIDString = 11E46E772E39E0C100542357;
			remoteInfo = Grata;
		};
		11E46E942E39E0C500542357 /* PBXContainerItemProxy */ = {
			isa = PBXContainerItemProxy;
			containerPortal = 11E46E702E39E0C100542357 /* Project object */;
			proxyType = 1;
			remoteGlobalIDString = 11E46E772E39E0C100542357;
			remoteInfo = Grata;
		};
/* End PBXContainerItemProxy section */

/* Begin PBXFileReference section */
		11E46E782E39E0C100542357 /* Grata.app */ = {isa = PBXFileReference; explicitFileType = wrapper.application; includeInIndex = 0; path = Grata.app; sourceTree = BUILT_PRODUCTS_DIR; };
		11E46E892E39E0C500542357 /* GrataTests.xctest */ = {isa = PBXFileReference; explicitFileType = wrapper.cfbundle; includeInIndex = 0; path = GrataTests.xctest; sourceTree = BUILT_PRODUCTS_DIR; };
		11E46E932E39E0C500542357 /* GrataUITests.xctest */ = {isa = PBXFileReference; explicitFileType = wrapper.cfbundle; includeInIndex = 0; path = GrataUITests.xctest; sourceTree = BUILT_PRODUCTS_DIR; };
/* End PBXFileReference section */

/* Begin PBXFileSystemSynchronizedBuildFileExceptionSet section */
		11E46E9B2E39E0C500542357 /* Exceptions for "Grata" folder in "Grata" target */ = {
			isa = PBXFileSystemSynchronizedBuildFileExceptionSet;
			membershipExceptions = (
				Info.plist,
			);
			target = 11E46E772E39E0C100542357 /* Grata */;
		};
/* End PBXFileSystemSynchronizedBuildFileExceptionSet section */

/* Begin PBXFileSystemSynchronizedRootGroup section */
		11E46E7A2E39E0C100542357 /* Grata */ = {
			isa = PBXFileSystemSynchronizedRootGroup;
			exceptions = (
				11E46E9B2E39E0C500542357 /* Exceptions for "Grata" folder in "Grata" target */,
			);
			path = Grata;
			sourceTree = "<group>";
		};
		11E46E8C2E39E0C500542357 /* GrataTests */ = {
			isa = PBXFileSystemSynchronizedRootGroup;
			path = GrataTests;
			sourceTree = "<group>";
		};
		11E46E962E39E0C500542357 /* GrataUITests */ = {
			isa = PBXFileSystemSynchronizedRootGroup;
			path = GrataUITests;
			sourceTree = "<group>";
		};
/* End PBXFileSystemSynchronizedRootGroup section */

/* Begin PBXFrameworksBuildPhase section */
		11E46E752E39E0C100542357 /* Frameworks */ = {
			isa = PBXFrameworksBuildPhase;
			buildActionMask = 2147483647;
			files = (
				112E7E8A2E3B52D60003854F /* PostgREST in Frameworks */,
				112E7E882E3B52D60003854F /* Functions in Frameworks */,
				112E7EF12E3B56300003854F /* Supabase in Frameworks */,
				112E7E862E3B52D60003854F /* Auth in Frameworks */,
				112E7E8E2E3B52D60003854F /* Storage in Frameworks */,
				112E7E8C2E3B52D60003854F /* Realtime in Frameworks */,
			);
			runOnlyForDeploymentPostprocessing = 0;
		};
		11E46E862E39E0C500542357 /* Frameworks */ = {
			isa = PBXFrameworksBuildPhase;
			buildActionMask = 2147483647;
			files = (
			);
			runOnlyForDeploymentPostprocessing = 0;
		};
		11E46E902E39E0C500542357 /* Frameworks */ = {
			isa = PBXFrameworksBuildPhase;
			buildActionMask = 2147483647;
			files = (
			);
			runOnlyForDeploymentPostprocessing = 0;
		};
/* End PBXFrameworksBuildPhase section */

/* Begin PBXGroup section */
		112E7EEF2E3B56300003854F /* Frameworks */ = {
			isa = PBXGroup;
			children = (
			);
			name = Frameworks;
			sourceTree = "<group>";
		};
		11E46E6F2E39E0C100542357 = {
			isa = PBXGroup;
			children = (
				11E46E8C2E39E0C500542357 /* GrataTests */,
				11E46E962E39E0C500542357 /* GrataUITests */,
				11E46E792E39E0C100542357 /* Products */,
				11E46E7A2E39E0C100542357 /* Grata */,
				112E7EEF2E3B56300003854F /* Frameworks */,
			);
			sourceTree = "<group>";
		};
		11E46E792E39E0C100542357 /* Products */ = {
			isa = PBXGroup;
			children = (
				11E46E782E39E0C100542357 /* Grata.app */,
				11E46E892E39E0C500542357 /* GrataTests.xctest */,
				11E46E932E39E0C500542357 /* GrataUITests.xctest */,
			);
			name = Products;
			sourceTree = "<group>";
		};
/* End PBXGroup section */

/* Begin PBXNativeTarget section */
		11E46E772E39E0C100542357 /* Grata */ = {
			isa = PBXNativeTarget;
			buildConfigurationList = 11E46E9C2E39E0C500542357 /* Build configuration list for PBXNativeTarget "Grata" */;
			buildPhases = (
				11E46E742E39E0C100542357 /* Sources */,
				11E46E752E39E0C100542357 /* Frameworks */,
				11E46E762E39E0C100542357 /* Resources */,
			);
			buildRules = (
			);
			dependencies = (
			);
			fileSystemSynchronizedGroups = (
				11E46E7A2E39E0C100542357 /* Grata */,
			);
			name = Grata;
			packageProductDependencies = (
				112E7E852E3B52D60003854F /* Auth */,
				112E7E872E3B52D60003854F /* Functions */,
				112E7E892E3B52D60003854F /* PostgREST */,
				112E7E8B2E3B52D60003854F /* Realtime */,
				112E7E8D2E3B52D60003854F /* Storage */,
				112E7EF02E3B56300003854F /* Supabase */,
			);
			productName = Grata;
			productReference = 11E46E782E39E0C100542357 /* Grata.app */;
			productType = "com.apple.product-type.application";
		};
		11E46E882E39E0C500542357 /* GrataTests */ = {
			isa = PBXNativeTarget;
			buildConfigurationList = 11E46EA12E39E0C500542357 /* Build configuration list for PBXNativeTarget "GrataTests" */;
			buildPhases = (
				11E46E852E39E0C500542357 /* Sources */,
				11E46E862E39E0C500542357 /* Frameworks */,
				11E46E872E39E0C500542357 /* Resources */,
			);
			buildRules = (
			);
			dependencies = (
				11E46E8B2E39E0C500542357 /* PBXTargetDependency */,
			);
			fileSystemSynchronizedGroups = (
				11E46E8C2E39E0C500542357 /* GrataTests */,
			);
			name = GrataTests;
			packageProductDependencies = (
			);
			productName = GrataTests;
			productReference = 11E46E892E39E0C500542357 /* GrataTests.xctest */;
			productType = "com.apple.product-type.bundle.unit-test";
		};
		11E46E922E39E0C500542357 /* GrataUITests */ = {
			isa = PBXNativeTarget;
			buildConfigurationList = 11E46EA42E39E0C500542357 /* Build configuration list for PBXNativeTarget "GrataUITests" */;
			buildPhases = (
				11E46E8F2E39E0C500542357 /* Sources */,
				11E46E902E39E0C500542357 /* Frameworks */,
				11E46E912E39E0C500542357 /* Resources */,
			);
			buildRules = (
			);
			dependencies = (
				11E46E952E39E0C500542357 /* PBXTargetDependency */,
			);
			fileSystemSynchronizedGroups = (
				11E46E962E39E0C500542357 /* GrataUITests */,
			);
			name = GrataUITests;
			packageProductDependencies = (
			);
			productName = GrataUITests;
			productReference = 11E46E932E39E0C500542357 /* GrataUITests.xctest */;
			productType = "com.apple.product-type.bundle.ui-testing";
		};
/* End PBXNativeTarget section */

/* Begin PBXProject section */
		11E46E702E39E0C100542357 /* Project object */ = {
			isa = PBXProject;
			attributes = {
				BuildIndependentTargetsInParallel = 1;
				LastSwiftUpdateCheck = 1640;
				LastUpgradeCheck = 1640;
				TargetAttributes = {
					11E46E772E39E0C100542357 = {
						CreatedOnToolsVersion = 16.4;
					};
					11E46E882E39E0C500542357 = {
						CreatedOnToolsVersion = 16.4;
						TestTargetID = 11E46E772E39E0C100542357;
					};
					11E46E922E39E0C500542357 = {
						CreatedOnToolsVersion = 16.4;
						TestTargetID = 11E46E772E39E0C100542357;
					};
				};
			};
			buildConfigurationList = 11E46E732E39E0C100542357 /* Build configuration list for PBXProject "Grata" */;
			developmentRegion = en;
			hasScannedForEncodings = 0;
			knownRegions = (
				en,
				Base,
			);
			mainGroup = 11E46E6F2E39E0C100542357;
			minimizedProjectReferenceProxies = 1;
			packageReferences = (
				112E7E842E3B52D60003854F /* XCRemoteSwiftPackageReference "supabase-swift" */,
			);
			preferredProjectObjectVersion = 77;
			productRefGroup = 11E46E792E39E0C100542357 /* Products */;
			projectDirPath = "";
			projectRoot = "";
			targets = (
				11E46E772E39E0C100542357 /* Grata */,
				11E46E882E39E0C500542357 /* GrataTests */,
				11E46E922E39E0C500542357 /* GrataUITests */,
			);
		};
/* End PBXProject section */

/* Begin PBXResourcesBuildPhase section */
		11E46E762E39E0C100542357 /* Resources */ = {
			isa = PBXResourcesBuildPhase;
			buildActionMask = 2147483647;
			files = (
			);
			runOnlyForDeploymentPostprocessing = 0;
		};
		11E46E872E39E0C500542357 /* Resources */ = {
			isa = PBXResourcesBuildPhase;
			buildActionMask = 2147483647;
			files = (
			);
			runOnlyForDeploymentPostprocessing = 0;
		};
		11E46E912E39E0C500542357 /* Resources */ = {
			isa = PBXResourcesBuildPhase;
			buildActionMask = 2147483647;
			files = (
			);
			runOnlyForDeploymentPostprocessing = 0;
		};
/* End PBXResourcesBuildPhase section */

/* Begin PBXSourcesBuildPhase section */
		11E46E742E39E0C100542357 /* Sources */ = {
			isa = PBXSourcesBuildPhase;
			buildActionMask = 2147483647;
			files = (
			);
			runOnlyForDeploymentPostprocessing = 0;
		};
		11E46E852E39E0C500542357 /* Sources */ = {
			isa = PBXSourcesBuildPhase;
			buildActionMask = 2147483647;
			files = (
			);
			runOnlyForDeploymentPostprocessing = 0;
		};
		11E46E8F2E39E0C500542357 /* Sources */ = {
			isa = PBXSourcesBuildPhase;
			buildActionMask = 2147483647;
			files = (
			);
			runOnlyForDeploymentPostprocessing = 0;
		};
/* End PBXSourcesBuildPhase section */

/* Begin PBXTargetDependency section */
		11E46E8B2E39E0C500542357 /* PBXTargetDependency */ = {
			isa = PBXTargetDependency;
			target = 11E46E772E39E0C100542357 /* Grata */;
			targetProxy = 11E46E8A2E39E0C500542357 /* PBXContainerItemProxy */;
		};
		11E46E952E39E0C500542357 /* PBXTargetDependency */ = {
			isa = PBXTargetDependency;
			target = 11E46E772E39E0C100542357 /* Grata */;
			targetProxy = 11E46E942E39E0C500542357 /* PBXContainerItemProxy */;
		};
/* End PBXTargetDependency section */

/* Begin XCBuildConfiguration section */
		11E46E9D2E39E0C500542357 /* Debug */ = {
			isa = XCBuildConfiguration;
			buildSettings = {
				ASSETCATALOG_COMPILER_APPICON_NAME = AppIcon;
				ASSETCATALOG_COMPILER_GLOBAL_ACCENT_COLOR_NAME = AccentColor;
				CODE_SIGN_ENTITLEMENTS = Grata/Grata.entitlements;
				CODE_SIGN_STYLE = Automatic;
				CURRENT_PROJECT_VERSION = 1;
				DEVELOPMENT_TEAM = ASQJ436297;
				ENABLE_PREVIEWS = YES;
				GENERATE_INFOPLIST_FILE = YES;
				INFOPLIST_FILE = Grata/Info.plist;
				INFOPLIST_KEY_UIApplicationSceneManifest_Generation = YES;
				INFOPLIST_KEY_UIApplicationSupportsIndirectInputEvents = YES;
				INFOPLIST_KEY_UILaunchScreen_Generation = YES;
				INFOPLIST_KEY_UIStatusBarStyle = UIStatusBarStyleDarkContent;
				INFOPLIST_KEY_UISupportedInterfaceOrientations = UIInterfaceOrientationPortrait;
				LD_RUNPATH_SEARCH_PATHS = (
					"$(inherited)",
					"@executable_path/Frameworks",
				);
				MARKETING_VERSION = 1.0;
				PRODUCT_BUNDLE_IDENTIFIER = tanmaydabhade.Grata;
				PRODUCT_NAME = "$(TARGET_NAME)";
				SWIFT_EMIT_LOC_STRINGS = YES;
				SWIFT_VERSION = 5.0;
				TARGETED_DEVICE_FAMILY = "1,2";
			};
			name = Debug;
		};
		11E46E9E2E39E0C500542357 /* Release */ = {
			isa = XCBuildConfiguration;
			buildSettings = {
				ASSETCATALOG_COMPILER_APPICON_NAME = AppIcon;
				ASSETCATALOG_COMPILER_GLOBAL_ACCENT_COLOR_NAME = AccentColor;
				CODE_SIGN_ENTITLEMENTS = Grata/Grata.entitlements;
				CODE_SIGN_STYLE = Automatic;
				CURRENT_PROJECT_VERSION = 1;
				DEVELOPMENT_TEAM = ASQJ436297;
				ENABLE_PREVIEWS = YES;
				GENERATE_INFOPLIST_FILE = YES;
				INFOPLIST_FILE = Grata/Info.plist;
				INFOPLIST_KEY_UIApplicationSceneManifest_Generation = YES;
				INFOPLIST_KEY_UIApplicationSupportsIndirectInputEvents = YES;
				INFOPLIST_KEY_UILaunchScreen_Generation = YES;
				INFOPLIST_KEY_UIStatusBarStyle = UIStatusBarStyleDarkContent;
				INFOPLIST_KEY_UISupportedInterfaceOrientations = UIInterfaceOrientationPortrait;
				LD_RUNPATH_SEARCH_PATHS = (
					"$(inherited)",
					"@executable_path/Frameworks",
				);
				MARKETING_VERSION = 1.0;
				PRODUCT_BUNDLE_IDENTIFIER = tanmaydabhade.Grata;
				PRODUCT_NAME = "$(TARGET_NAME)";
				SWIFT_EMIT_LOC_STRINGS = YES;
				SWIFT_VERSION = 5.0;
				TARGETED_DEVICE_FAMILY = "1,2";
			};
			name = Release;
		};
		11E46E9F2E39E0C500542357 /* Debug */ = {
			isa = XCBuildConfiguration;
			buildSettings = {
				ALWAYS_SEARCH_USER_PATHS = NO;
				ASSETCATALOG_COMPILER_GENERATE_SWIFT_ASSET_SYMBOL_EXTENSIONS = YES;
				CLANG_ANALYZER_NONNULL = YES;
				CLANG_ANALYZER_NUMBER_OBJECT_CONVERSION = YES_AGGRESSIVE;
				CLANG_CXX_LANGUAGE_STANDARD = "gnu++20";
				CLANG_ENABLE_MODULES = YES;
				CLANG_ENABLE_OBJC_ARC = YES;
				CLANG_ENABLE_OBJC_WEAK = YES;
				CLANG_WARN_BLOCK_CAPTURE_AUTORELEASING = YES;
				CLANG_WARN_BOOL_CONVERSION = YES;
				CLANG_WARN_COMMA = YES;
				CLANG_WARN_CONSTANT_CONVERSION = YES;
				CLANG_WARN_DEPRECATED_OBJC_IMPLEMENTATIONS = YES;
				CLANG_WARN_DIRECT_OBJC_ISA_USAGE = YES_ERROR;
				CLANG_WARN_DOCUMENTATION_COMMENTS = YES;
				CLANG_WARN_EMPTY_BODY = YES;
				CLANG_WARN_ENUM_CONVERSION = YES;
				CLANG_WARN_INFINITE_RECURSION = YES;
				CLANG_WARN_INT_CONVERSION = YES;
				CLANG_WARN_NON_LITERAL_NULL_CONVERSION = YES;
				CLANG_WARN_OBJC_IMPLICIT_RETAIN_SELF = YES;
				CLANG_WARN_OBJC_LITERAL_CONVERSION = YES;
				CLANG_WARN_OBJC_ROOT_CLASS = YES_ERROR;
				CLANG_WARN_QUOTED_INCLUDE_IN_FRAMEWORK_HEADER = YES;
				CLANG_WARN_RANGE_LOOP_ANALYSIS = YES;
				CLANG_WARN_STRICT_PROTOTYPES = YES;
				CLANG_WARN_SUSPICIOUS_MOVE = YES;
				CLANG_WARN_UNGUARDED_AVAILABILITY = YES_AGGRESSIVE;
				CLANG_WARN_UNREACHABLE_CODE = YES;
				CLANG_WARN__DUPLICATE_METHOD_MATCH = YES;
				COPY_PHASE_STRIP = NO;
				DEBUG_INFORMATION_FORMAT = dwarf;
				DEVELOPMENT_TEAM = ASQJ436297;
				ENABLE_STRICT_OBJC_MSGSEND = YES;
				ENABLE_TESTABILITY = YES;
				ENABLE_USER_SCRIPT_SANDBOXING = YES;
				GCC_C_LANGUAGE_STANDARD = gnu17;
				GCC_DYNAMIC_NO_PIC = NO;
				GCC_NO_COMMON_BLOCKS = YES;
				GCC_OPTIMIZATION_LEVEL = 0;
				GCC_PREPROCESSOR_DEFINITIONS = (
					"DEBUG=1",
					"$(inherited)",
				);
				GCC_WARN_64_TO_32_BIT_CONVERSION = YES;
				GCC_WARN_ABOUT_RETURN_TYPE = YES_ERROR;
				GCC_WARN_UNDECLARED_SELECTOR = YES;
				GCC_WARN_UNINITIALIZED_AUTOS = YES_AGGRESSIVE;
				GCC_WARN_UNUSED_FUNCTION = YES;
				GCC_WARN_UNUSED_VARIABLE = YES;
				IPHONEOS_DEPLOYMENT_TARGET = 18.5;
				LOCALIZATION_PREFERS_STRING_CATALOGS = YES;
				MTL_ENABLE_DEBUG_INFO = INCLUDE_SOURCE;
				MTL_FAST_MATH = YES;
				ONLY_ACTIVE_ARCH = YES;
				SDKROOT = iphoneos;
				SWIFT_ACTIVE_COMPILATION_CONDITIONS = "DEBUG $(inherited)";
				SWIFT_OPTIMIZATION_LEVEL = "-Onone";
			};
			name = Debug;
		};
		11E46EA02E39E0C500542357 /* Release */ = {
			isa = XCBuildConfiguration;
			buildSettings = {
				ALWAYS_SEARCH_USER_PATHS = NO;
				ASSETCATALOG_COMPILER_GENERATE_SWIFT_ASSET_SYMBOL_EXTENSIONS = YES;
				CLANG_ANALYZER_NONNULL = YES;
				CLANG_ANALYZER_NUMBER_OBJECT_CONVERSION = YES_AGGRESSIVE;
				CLANG_CXX_LANGUAGE_STANDARD = "gnu++20";
				CLANG_ENABLE_MODULES = YES;
				CLANG_ENABLE_OBJC_ARC = YES;
				CLANG_ENABLE_OBJC_WEAK = YES;
				CLANG_WARN_BLOCK_CAPTURE_AUTORELEASING = YES;
				CLANG_WARN_BOOL_CONVERSION = YES;
				CLANG_WARN_COMMA = YES;
				CLANG_WARN_CONSTANT_CONVERSION = YES;
				CLANG_WARN_DEPRECATED_OBJC_IMPLEMENTATIONS = YES;
				CLANG_WARN_DIRECT_OBJC_ISA_USAGE = YES_ERROR;
				CLANG_WARN_DOCUMENTATION_COMMENTS = YES;
				CLANG_WARN_EMPTY_BODY = YES;
				CLANG_WARN_ENUM_CONVERSION = YES;
				CLANG_WARN_INFINITE_RECURSION = YES;
				CLANG_WARN_INT_CONVERSION = YES;
				CLANG_WARN_NON_LITERAL_NULL_CONVERSION = YES;
				CLANG_WARN_OBJC_IMPLICIT_RETAIN_SELF = YES;
				CLANG_WARN_OBJC_LITERAL_CONVERSION = YES;
				CLANG_WARN_OBJC_ROOT_CLASS = YES_ERROR;
				CLANG_WARN_QUOTED_INCLUDE_IN_FRAMEWORK_HEADER = YES;
				CLANG_WARN_RANGE_LOOP_ANALYSIS = YES;
				CLANG_WARN_STRICT_PROTOTYPES = YES;
				CLANG_WARN_SUSPICIOUS_MOVE = YES;
				CLANG_WARN_UNGUARDED_AVAILABILITY = YES_AGGRESSIVE;
				CLANG_WARN_UNREACHABLE_CODE = YES;
				CLANG_WARN__DUPLICATE_METHOD_MATCH = YES;
				COPY_PHASE_STRIP = NO;
				DEBUG_INFORMATION_FORMAT = "dwarf-with-dsym";
				DEVELOPMENT_TEAM = ASQJ436297;
				ENABLE_NS_ASSERTIONS = NO;
				ENABLE_STRICT_OBJC_MSGSEND = YES;
				ENABLE_USER_SCRIPT_SANDBOXING = YES;
				GCC_C_LANGUAGE_STANDARD = gnu17;
				GCC_NO_COMMON_BLOCKS = YES;
				GCC_WARN_64_TO_32_BIT_CONVERSION = YES;
				GCC_WARN_ABOUT_RETURN_TYPE = YES_ERROR;
				GCC_WARN_UNDECLARED_SELECTOR = YES;
				GCC_WARN_UNINITIALIZED_AUTOS = YES_AGGRESSIVE;
				GCC_WARN_UNUSED_FUNCTION = YES;
				GCC_WARN_UNUSED_VARIABLE = YES;
				IPHONEOS_DEPLOYMENT_TARGET = 18.5;
				LOCALIZATION_PREFERS_STRING_CATALOGS = YES;
				MTL_ENABLE_DEBUG_INFO = NO;
				MTL_FAST_MATH = YES;
				SDKROOT = iphoneos;
				SWIFT_COMPILATION_MODE = wholemodule;
				VALIDATE_PRODUCT = YES;
			};
			name = Release;
		};
		11E46EA22E39E0C500542357 /* Debug */ = {
			isa = XCBuildConfiguration;
			buildSettings = {
				BUNDLE_LOADER = "$(TEST_HOST)";
				CODE_SIGN_STYLE = Automatic;
				CURRENT_PROJECT_VERSION = 1;
				DEVELOPMENT_TEAM = ASQJ436297;
				GENERATE_INFOPLIST_FILE = YES;
				IPHONEOS_DEPLOYMENT_TARGET = 18.5;
				MARKETING_VERSION = 1.0;
				PRODUCT_BUNDLE_IDENTIFIER = tanmaydabhade.GrataTests;
				PRODUCT_NAME = "$(TARGET_NAME)";
				SWIFT_EMIT_LOC_STRINGS = NO;
				SWIFT_VERSION = 5.0;
				TARGETED_DEVICE_FAMILY = "1,2";
				TEST_HOST = "$(BUILT_PRODUCTS_DIR)/Grata.app/$(BUNDLE_EXECUTABLE_FOLDER_PATH)/Grata";
			};
			name = Debug;
		};
		11E46EA32E39E0C500542357 /* Release */ = {
			isa = XCBuildConfiguration;
			buildSettings = {
				BUNDLE_LOADER = "$(TEST_HOST)";
				CODE_SIGN_STYLE = Automatic;
				CURRENT_PROJECT_VERSION = 1;
				DEVELOPMENT_TEAM = ASQJ436297;
				GENERATE_INFOPLIST_FILE = YES;
				IPHONEOS_DEPLOYMENT_TARGET = 18.5;
				MARKETING_VERSION = 1.0;
				PRODUCT_BUNDLE_IDENTIFIER = tanmaydabhade.GrataTests;
				PRODUCT_NAME = "$(TARGET_NAME)";
				SWIFT_EMIT_LOC_STRINGS = NO;
				SWIFT_VERSION = 5.0;
				TARGETED_DEVICE_FAMILY = "1,2";
				TEST_HOST = "$(BUILT_PRODUCTS_DIR)/Grata.app/$(BUNDLE_EXECUTABLE_FOLDER_PATH)/Grata";
			};
			name = Release;
		};
		11E46EA52E39E0C500542357 /* Debug */ = {
			isa = XCBuildConfiguration;
			buildSettings = {
				CODE_SIGN_STYLE = Automatic;
				CURRENT_PROJECT_VERSION = 1;
				DEVELOPMENT_TEAM = ASQJ436297;
				GENERATE_INFOPLIST_FILE = YES;
				MARKETING_VERSION = 1.0;
				PRODUCT_BUNDLE_IDENTIFIER = tanmaydabhade.GrataUITests;
				PRODUCT_NAME = "$(TARGET_NAME)";
				SWIFT_EMIT_LOC_STRINGS = NO;
				SWIFT_VERSION = 5.0;
				TARGETED_DEVICE_FAMILY = "1,2";
				TEST_TARGET_NAME = Grata;
			};
			name = Debug;
		};
		11E46EA62E39E0C500542357 /* Release */ = {
			isa = XCBuildConfiguration;
			buildSettings = {
				CODE_SIGN_STYLE = Automatic;
				CURRENT_PROJECT_VERSION = 1;
				DEVELOPMENT_TEAM = ASQJ436297;
				GENERATE_INFOPLIST_FILE = YES;
				MARKETING_VERSION = 1.0;
				PRODUCT_BUNDLE_IDENTIFIER = tanmaydabhade.GrataUITests;
				PRODUCT_NAME = "$(TARGET_NAME)";
				SWIFT_EMIT_LOC_STRINGS = NO;
				SWIFT_VERSION = 5.0;
				TARGETED_DEVICE_FAMILY = "1,2";
				TEST_TARGET_NAME = Grata;
			};
			name = Release;
		};
/* End XCBuildConfiguration section */

/* Begin XCConfigurationList section */
		11E46E732E39E0C100542357 /* Build configuration list for PBXProject "Grata" */ = {
			isa = XCConfigurationList;
			buildConfigurations = (
				11E46E9F2E39E0C500542357 /* Debug */,
				11E46EA02E39E0C500542357 /* Release */,
			);
			defaultConfigurationIsVisible = 0;
			defaultConfigurationName = Release;
		};
		11E46E9C2E39E0C500542357 /* Build configuration list for PBXNativeTarget "Grata" */ = {
			isa = XCConfigurationList;
			buildConfigurations = (
				11E46E9D2E39E0C500542357 /* Debug */,
				11E46E9E2E39E0C500542357 /* Release */,
			);
			defaultConfigurationIsVisible = 0;
			defaultConfigurationName = Release;
		};
		11E46EA12E39E0C500542357 /* Build configuration list for PBXNativeTarget "GrataTests" */ = {
			isa = XCConfigurationList;
			buildConfigurations = (
				11E46EA22E39E0C500542357 /* Debug */,
				11E46EA32E39E0C500542357 /* Release */,
			);
			defaultConfigurationIsVisible = 0;
			defaultConfigurationName = Release;
		};
		11E46EA42E39E0C500542357 /* Build configuration list for PBXNativeTarget "GrataUITests" */ = {
			isa = XCConfigurationList;
			buildConfigurations = (
				11E46EA52E39E0C500542357 /* Debug */,
				11E46EA62E39E0C500542357 /* Release */,
			);
			defaultConfigurationIsVisible = 0;
			defaultConfigurationName = Release;
		};
/* End XCConfigurationList section */

/* Begin XCRemoteSwiftPackageReference section */
		112E7E842E3B52D60003854F /* XCRemoteSwiftPackageReference "supabase-swift" */ = {
			isa = XCRemoteSwiftPackageReference;
			repositoryURL = "https://github.com/supabase/supabase-swift.git";
			requirement = {
				kind = upToNextMajorVersion;
				minimumVersion = 2.5.1;
			};
		};
/* End XCRemoteSwiftPackageReference section */

/* Begin XCSwiftPackageProductDependency section */
		112E7E852E3B52D60003854F /* Auth */ = {
			isa = XCSwiftPackageProductDependency;
			package = 112E7E842E3B52D60003854F /* XCRemoteSwiftPackageReference "supabase-swift" */;
			productName = Auth;
		};
		112E7E872E3B52D60003854F /* Functions */ = {
			isa = XCSwiftPackageProductDependency;
			package = 112E7E842E3B52D60003854F /* XCRemoteSwiftPackageReference "supabase-swift" */;
			productName = Functions;
		};
		112E7E892E3B52D60003854F /* PostgREST */ = {
			isa = XCSwiftPackageProductDependency;
			package = 112E7E842E3B52D60003854F /* XCRemoteSwiftPackageReference "supabase-swift" */;
			productName = PostgREST;
		};
		112E7E8B2E3B52D60003854F /* Realtime */ = {
			isa = XCSwiftPackageProductDependency;
			package = 112E7E842E3B52D60003854F /* XCRemoteSwiftPackageReference "supabase-swift" */;
			productName = Realtime;
		};
		112E7E8D2E3B52D60003854F /* Storage */ = {
			isa = XCSwiftPackageProductDependency;
			package = 112E7E842E3B52D60003854F /* XCRemoteSwiftPackageReference "supabase-swift" */;
			productName = Storage;
		};
		112E7EF02E3B56300003854F /* Supabase */ = {
			isa = XCSwiftPackageProductDependency;
			package = 112E7E842E3B52D60003854F /* XCRemoteSwiftPackageReference "supabase-swift" */;
			productName = Supabase;
		};
/* End XCSwiftPackageProductDependency section */
	};
	rootObject = 11E46E702E39E0C100542357 /* Project object */;
}
